
Microsoft Visual Studio Solution File, Format Version 12.00
# Visual Studio Version 17
VisualStudioVersion = 17.0.31903.59
MinimumVisualStudioVersion = 10.0.40219.1
Project("{FAE04EC0-301F-11D3-BF4B-00C04F79EFBC}") = "EMS.Core", "EMS.Core\EMS.Core.csproj", "{BDD2DEF8-6998-41C8-A8CE-33D07972235F}"
EndProject
Project("{FAE04EC0-301F-11D3-BF4B-00C04F79EFBC}") = "EMS.UI", "EMS.UI\EMS.UI.csproj", "{E9C0B5A1-5E95-4094-BC60-3CE8948E3AB1}"
EndProject
Project("{FAE04EC0-301F-11D3-BF4B-00C04F79EFBC}") = "EMS.Tests", "EMS.Tests\EMS.Tests.csproj", "{47555027-5F25-4C78-87B9-0EC78078AADA}"
EndProject
Global
	GlobalSection(SolutionConfigurationPlatforms) = preSolution
		Debug|Any CPU = Debug|Any CPU
		Debug|x64 = Debug|x64
		Debug|x86 = Debug|x86
		Release|Any CPU = Release|Any CPU
		Release|x64 = Release|x64
		Release|x86 = Release|x86
	EndGlobalSection
	GlobalSection(ProjectConfigurationPlatforms) = postSolution
		{BDD2DEF8-6998-41C8-A8CE-33D07972235F}.Debug|Any CPU.ActiveCfg = Debug|Any CPU
		{BDD2DEF8-6998-41C8-A8CE-33D07972235F}.Debug|Any CPU.Build.0 = Debug|Any CPU
		{BDD2DEF8-6998-41C8-A8CE-33D07972235F}.Debug|x64.ActiveCfg = Debug|Any CPU
		{BDD2DEF8-6998-41C8-A8CE-33D07972235F}.Debug|x64.Build.0 = Debug|Any CPU
		{BDD2DEF8-6998-41C8-A8CE-33D07972235F}.Debug|x86.ActiveCfg = Debug|Any CPU
		{BDD2DEF8-6998-41C8-A8CE-33D07972235F}.Debug|x86.Build.0 = Debug|Any CPU
		{BDD2DEF8-6998-41C8-A8CE-33D07972235F}.Release|Any CPU.ActiveCfg = Release|Any CPU
		{BDD2DEF8-6998-41C8-A8CE-33D07972235F}.Release|Any CPU.Build.0 = Release|Any CPU
		{BDD2DEF8-6998-41C8-A8CE-33D07972235F}.Release|x64.ActiveCfg = Release|Any CPU
		{BDD2DEF8-6998-41C8-A8CE-33D07972235F}.Release|x64.Build.0 = Release|Any CPU
		{BDD2DEF8-6998-41C8-A8CE-33D07972235F}.Release|x86.ActiveCfg = Release|Any CPU
		{BDD2DEF8-6998-41C8-A8CE-33D07972235F}.Release|x86.Build.0 = Release|Any CPU
		{E9C0B5A1-5E95-4094-BC60-3CE8948E3AB1}.Debug|Any CPU.ActiveCfg = Debug|Any CPU
		{E9C0B5A1-5E95-4094-BC60-3CE8948E3AB1}.Debug|Any CPU.Build.0 = Debug|Any CPU
		{E9C0B5A1-5E95-4094-BC60-3CE8948E3AB1}.Debug|x64.ActiveCfg = Debug|Any CPU
		{E9C0B5A1-5E95-4094-BC60-3CE8948E3AB1}.Debug|x64.Build.0 = Debug|Any CPU
		{E9C0B5A1-5E95-4094-BC60-3CE8948E3AB1}.Debug|x86.ActiveCfg = Debug|Any CPU
		{E9C0B5A1-5E95-4094-BC60-3CE8948E3AB1}.Debug|x86.Build.0 = Debug|Any CPU
		{E9C0B5A1-5E95-4094-BC60-3CE8948E3AB1}.Release|Any CPU.ActiveCfg = Release|Any CPU
		{E9C0B5A1-5E95-4094-BC60-3CE8948E3AB1}.Release|Any CPU.Build.0 = Release|Any CPU
		{E9C0B5A1-5E95-4094-BC60-3CE8948E3AB1}.Release|x64.ActiveCfg = Release|Any CPU
		{E9C0B5A1-5E95-4094-BC60-3CE8948E3AB1}.Release|x64.Build.0 = Release|Any CPU
		{E9C0B5A1-5E95-4094-BC60-3CE8948E3AB1}.Release|x86.ActiveCfg = Release|Any CPU
		{E9C0B5A1-5E95-4094-BC60-3CE8948E3AB1}.Release|x86.Build.0 = Release|Any CPU
		{47555027-5F25-4C78-87B9-0EC78078AADA}.Debug|Any CPU.ActiveCfg = Debug|Any CPU
		{47555027-5F25-4C78-87B9-0EC78078AADA}.Debug|Any CPU.Build.0 = Debug|Any CPU
		{47555027-5F25-4C78-87B9-0EC78078AADA}.Debug|x64.ActiveCfg = Debug|Any CPU
		{47555027-5F25-4C78-87B9-0EC78078AADA}.Debug|x64.Build.0 = Debug|Any CPU
		{47555027-5F25-4C78-87B9-0EC78078AADA}.Debug|x86.ActiveCfg = Debug|Any CPU
		{47555027-5F25-4C78-87B9-0EC78078AADA}.Debug|x86.Build.0 = Debug|Any CPU
		{47555027-5F25-4C78-87B9-0EC78078AADA}.Release|Any CPU.ActiveCfg = Release|Any CPU
		{47555027-5F25-4C78-87B9-0EC78078AADA}.Release|Any CPU.Build.0 = Release|Any CPU
		{47555027-5F25-4C78-87B9-0EC78078AADA}.Release|x64.ActiveCfg = Release|Any CPU
		{47555027-5F25-4C78-87B9-0EC78078AADA}.Release|x64.Build.0 = Release|Any CPU
		{47555027-5F25-4C78-87B9-0EC78078AADA}.Release|x86.ActiveCfg = Release|Any CPU
		{47555027-5F25-4C78-87B9-0EC78078AADA}.Release|x86.Build.0 = Release|Any CPU
	EndGlobalSection
	GlobalSection(SolutionProperties) = preSolution
		HideSolutionNode = FALSE
	EndGlobalSection
EndGlobal
